PODS:
  - AFNetworking (2.5.3):
    - AFNetworking/NSURLConnection (= 2.5.3)
    - AFNetworking/NSURLSession (= 2.5.3)
    - AFNetworking/Reachability (= 2.5.3)
    - AFNetworking/Security (= 2.5.3)
    - AFNetworking/Serialization (= 2.5.3)
    - AFNetworking/UIKit (= 2.5.3)
  - AFNetworking/NSURLConnection (2.5.3):
    - AFNetworking/Reachability
    - AFNetworking/Security
    - AFNetworking/Serialization
  - AFNetworking/NSURLSession (2.5.3):
    - AFNetworking/Reachability
    - AFNetworking/Security
    - AFNetworking/Serialization
  - AFNetworking/Reachability (2.5.3)
  - AFNetworking/Security (2.5.3)
  - AFNetworking/Serialization (2.5.3)
  - AFNetworking/UIKit (2.5.3):
    - AFNetworking/NSURLConnection
    - AFNetworking/NSURLSession
  - JSONModel (1.0.2)
  - JSQMessagesViewController (7.0.1):
    - JSQSystemSoundPlayer (~> 2.0.1)
  - JSQSystemSoundPlayer (2.0.1)
  - MBProgressHUD (0.9.1)
  - SocketRocket (0.3.1-beta2)
  - URBMediaFocusViewController (0.5.7)

DEPENDENCIES:
  - AFNetworking (~> 2.5)
  - JSONModel (~> 1.0)
  - JSQMessagesViewController (~> 7.0)
  - MBProgressHUD (~> 0.9)
  - SocketRocket (= 0.3.1-beta2)
  - URBMediaFocusViewController (~> 0.5.7)

SPEC CHECKSUMS:
  AFNetworking: e1d86c2a96bb5d2e7408da36149806706ee122fe
  JSONModel: 6ffcb4ffa3659c9e9a2e5d45d6c7705bab187c03
  JSQMessagesViewController: 03fba8a3021a3ddc1c91847f180ffe549f2e8cf2
  JSQSystemSoundPlayer: c5850e77a4363ffd374cd851154b9af93264ed8d
  MBProgressHUD: c47f2c166c126cf2ce36498d80f33e754d4e93ad
  SocketRocket: 7284ab9370a06c99aba92b2fe3a32aedd0f9a6fa
  URBMediaFocusViewController: cb967272ab6798705ec87b42a4ba256ffebc191e

COCOAPODS: 0.36.3
