// !$*UTF8*$!
{
	archiveVersion = 1;
	classes = {
	};
	objectVersion = 46;
	objects = {

/* Begin PBXAggregateTarget section */
		CBC8F6811AEDB781001DDB07 /* Framework */ = {
			isa = PBXAggregateTarget;
			buildConfigurationList = CBC8F6821AEDB781001DDB07 /* Build configuration list for PBXAggregateTarget "Framework" */;
			buildPhases = (
				CBC8F6871AEDB796001DDB07 /* MultiPlatform Build */,
			);
			dependencies = (
				CBC8F6941AEDB96D001DDB07 /* PBXTargetDependency */,
				CBC8F6861AEDB78F001DDB07 /* PBXTargetDependency */,
			);
			name = Framework;
			productName = Framework;
		};
/* End PBXAggregateTarget section */

/* Begin PBXBuildFile section */
		CBC8F6641AEDB145001DDB07 /* FeedbackLoop.h in CopyFiles */ = {isa = PBXBuildFile; fileRef = CBC8F6631AEDB145001DDB07 /* FeedbackLoop.h */; };
		CBC8F6661AEDB145001DDB07 /* FeedbackLoop.m in Sources */ = {isa = PBXBuildFile; fileRef = CBC8F6651AEDB145001DDB07 /* FeedbackLoop.m */; };
		CBC8F66C1AEDB145001DDB07 /* libFeedbackLoop.a in Frameworks */ = {isa = PBXBuildFile; fileRef = CBC8F6601AEDB145001DDB07 /* libFeedbackLoop.a */; };
		CBC8F67B1AEDB6D2001DDB07 /* UIKit.framework in Frameworks */ = {isa = PBXBuildFile; fileRef = CBC8F67A1AEDB6D2001DDB07 /* UIKit.framework */; };
		CBC8F67D1AEDB6DB001DDB07 /* Foundation.framework in Frameworks */ = {isa = PBXBuildFile; fileRef = CBC8F67C1AEDB6DB001DDB07 /* Foundation.framework */; settings = {ATTRIBUTES = (Required, ); }; };
		CBC8F67F1AEDB6FB001DDB07 /* FeedbackLoop.h in Headers */ = {isa = PBXBuildFile; fileRef = CBC8F6631AEDB145001DDB07 /* FeedbackLoop.h */; settings = {ATTRIBUTES = (Public, ); }; };
		CBE36FAD1AF55280008579F8 /* Security.framework in Frameworks */ = {isa = PBXBuildFile; fileRef = CBE36FAC1AF55280008579F8 /* Security.framework */; };
		CBE36FAF1AF55294008579F8 /* SystemConfiguration.framework in Frameworks */ = {isa = PBXBuildFile; fileRef = CBE36FAE1AF55294008579F8 /* SystemConfiguration.framework */; };
		CBE36FB11AF552A0008579F8 /* MobileCoreServices.framework in Frameworks */ = {isa = PBXBuildFile; fileRef = CBE36FB01AF552A0008579F8 /* MobileCoreServices.framework */; };
		CBE36FB31AF552AA008579F8 /* ImageIO.framework in Frameworks */ = {isa = PBXBuildFile; fileRef = CBE36FB21AF552AA008579F8 /* ImageIO.framework */; };
		CBE36FB51AF552B8008579F8 /* AVFoundation.framework in Frameworks */ = {isa = PBXBuildFile; fileRef = CBE36FB41AF552B8008579F8 /* AVFoundation.framework */; };
		CBE36FB71AF552C1008579F8 /* QuartzCore.framework in Frameworks */ = {isa = PBXBuildFile; fileRef = CBE36FB61AF552C1008579F8 /* QuartzCore.framework */; };
		CBE36FB91AF552CA008579F8 /* CoreGraphics.framework in Frameworks */ = {isa = PBXBuildFile; fileRef = CBE36FB81AF552CA008579F8 /* CoreGraphics.framework */; };
		CBE36FBA1AF552F4008579F8 /* FBLChatStore.m in Sources */ = {isa = PBXBuildFile; fileRef = CBF758951AEE156D00ABE378 /* FBLChatStore.m */; };
		CBE36FBB1AF552F8008579F8 /* FBLAuthenticationStore.m in Sources */ = {isa = PBXBuildFile; fileRef = CB56A1BA1AF4B9A40019BB70 /* FBLAuthenticationStore.m */; };
		CBE36FBC1AF5530C008579F8 /* FBLAuthenticationStore.h in Headers */ = {isa = PBXBuildFile; fileRef = CB56A1B91AF4B9A40019BB70 /* FBLAuthenticationStore.h */; };
		CBE36FD41AF55BF0008579F8 /* FBLTeam.h in Headers */ = {isa = PBXBuildFile; fileRef = CBE36FD21AF55BF0008579F8 /* FBLTeam.h */; };
		CBE36FD51AF55BF0008579F8 /* FBLTeam.m in Sources */ = {isa = PBXBuildFile; fileRef = CBE36FD31AF55BF0008579F8 /* FBLTeam.m */; };
		CBE36FD81AF55C36008579F8 /* FBLTeamStore.h in Headers */ = {isa = PBXBuildFile; fileRef = CBE36FD61AF55C36008579F8 /* FBLTeamStore.h */; };
		CBE36FD91AF55C36008579F8 /* FBLTeamStore.m in Sources */ = {isa = PBXBuildFile; fileRef = CBE36FD71AF55C36008579F8 /* FBLTeamStore.m */; };
		CBF758C01AEE156D00ABE378 /* FBLChannelStore.m in Sources */ = {isa = PBXBuildFile; fileRef = CBF758831AEE156D00ABE378 /* FBLChannelStore.m */; };
		CBF758C11AEE156D00ABE378 /* FBLAppConstants.h in Headers */ = {isa = PBXBuildFile; fileRef = CBF758841AEE156D00ABE378 /* FBLAppConstants.h */; };
		CBF758C31AEE156D00ABE378 /* FBLChannelStore.h in Headers */ = {isa = PBXBuildFile; fileRef = CBF758861AEE156D00ABE378 /* FBLChannelStore.h */; };
		CBF758C41AEE156D00ABE378 /* FBLChannelCollection.h in Headers */ = {isa = PBXBuildFile; fileRef = CBF758871AEE156D00ABE378 /* FBLChannelCollection.h */; };
		CBF758C51AEE156D00ABE378 /* FBLChannel.h in Headers */ = {isa = PBXBuildFile; fileRef = CBF758881AEE156D00ABE378 /* FBLChannel.h */; };
		CBF758C61AEE156D00ABE378 /* FBLChannel.m in Sources */ = {isa = PBXBuildFile; fileRef = CBF758891AEE156D00ABE378 /* FBLChannel.m */; };
		CBF758C91AEE156D00ABE378 /* FBLChatViewController.m in Sources */ = {isa = PBXBuildFile; fileRef = CBF7588C1AEE156D00ABE378 /* FBLChatViewController.m */; };
		CBF758CB1AEE156D00ABE378 /* FBLMembersStore.m in Sources */ = {isa = PBXBuildFile; fileRef = CBF7588E1AEE156D00ABE378 /* FBLMembersStore.m */; };
		CBF758CC1AEE156D00ABE378 /* FBLSlackStore.m in Sources */ = {isa = PBXBuildFile; fileRef = CBF7588F1AEE156D00ABE378 /* FBLSlackStore.m */; };
		CBF758CD1AEE156D00ABE378 /* FBLMembersStore.h in Headers */ = {isa = PBXBuildFile; fileRef = CBF758901AEE156D00ABE378 /* FBLMembersStore.h */; };
		CBF758CE1AEE156D00ABE378 /* FBLLoginViewController.m in Sources */ = {isa = PBXBuildFile; fileRef = CBF758911AEE156D00ABE378 /* FBLLoginViewController.m */; };
		CBF758CF1AEE156D00ABE378 /* FBLChatViewController.h in Headers */ = {isa = PBXBuildFile; fileRef = CBF758921AEE156D00ABE378 /* FBLChatViewController.h */; };
		CBF758D01AEE156D00ABE378 /* FBLSlackStore.h in Headers */ = {isa = PBXBuildFile; fileRef = CBF758931AEE156D00ABE378 /* FBLSlackStore.h */; };
		CBF758D11AEE156D00ABE378 /* FBLMember.h in Headers */ = {isa = PBXBuildFile; fileRef = CBF758941AEE156D00ABE378 /* FBLMember.h */; };
		CBF758D31AEE156D00ABE378 /* FBLChat.h in Headers */ = {isa = PBXBuildFile; fileRef = CBF758961AEE156D00ABE378 /* FBLChat.h */; };
		CBF758D41AEE156D00ABE378 /* FBLChat.m in Sources */ = {isa = PBXBuildFile; fileRef = CBF758971AEE156D00ABE378 /* FBLChat.m */; };
		CBF758D51AEE156D00ABE378 /* FBLChatCollection.h in Headers */ = {isa = PBXBuildFile; fileRef = CBF758981AEE156D00ABE378 /* FBLChatCollection.h */; };
		CBF758D61AEE156D00ABE378 /* FBLChatStore.h in Headers */ = {isa = PBXBuildFile; fileRef = CBF758991AEE156D00ABE378 /* FBLChatStore.h */; };
		CBF758D71AEE156D00ABE378 /* FBLChatCollection.m in Sources */ = {isa = PBXBuildFile; fileRef = CBF7589A1AEE156D00ABE378 /* FBLChatCollection.m */; };
		CBF758D81AEE156D00ABE378 /* FBLChannelCollection.m in Sources */ = {isa = PBXBuildFile; fileRef = CBF7589B1AEE156D00ABE378 /* FBLChannelCollection.m */; };
		CBF758E01AEE156D00ABE378 /* FBLMember.m in Sources */ = {isa = PBXBuildFile; fileRef = CBF758A61AEE156D00ABE378 /* FBLMember.m */; };
		CBF758E11AEE156D00ABE378 /* FBLMemberCollection.m in Sources */ = {isa = PBXBuildFile; fileRef = CBF758A71AEE156D00ABE378 /* FBLMemberCollection.m */; };
		CBF758E21AEE156D00ABE378 /* FBLMemberCollection.h in Headers */ = {isa = PBXBuildFile; fileRef = CBF758A81AEE156D00ABE378 /* FBLMemberCollection.h */; };
		CBF758E61AEE156D00ABE378 /* FBLHelpers.h in Headers */ = {isa = PBXBuildFile; fileRef = CBF758AC1AEE156D00ABE378 /* FBLHelpers.h */; };
		CBF758E71AEE156D00ABE378 /* FBLHelpers.m in Sources */ = {isa = PBXBuildFile; fileRef = CBF758AD1AEE156D00ABE378 /* FBLHelpers.m */; };
		CBF758EA1AEE156D00ABE378 /* FBLLoginViewController.h in Headers */ = {isa = PBXBuildFile; fileRef = CBF758B01AEE156D00ABE378 /* FBLLoginViewController.h */; };
		CBF758EB1AEE156D00ABE378 /* FBLCameraUtil.h in Headers */ = {isa = PBXBuildFile; fileRef = CBF758B21AEE156D00ABE378 /* FBLCameraUtil.h */; };
		CBF758EC1AEE156D00ABE378 /* FBLCameraUtil.m in Sources */ = {isa = PBXBuildFile; fileRef = CBF758B31AEE156D00ABE378 /* FBLCameraUtil.m */; };
/* End PBXBuildFile section */

/* Begin PBXContainerItemProxy section */
		CBC8F66D1AEDB145001DDB07 /* PBXContainerItemProxy */ = {
			isa = PBXContainerItemProxy;
			containerPortal = CBC8F6581AEDB145001DDB07 /* Project object */;
			proxyType = 1;
			remoteGlobalIDString = CBC8F65F1AEDB145001DDB07;
			remoteInfo = FeedbackLoop;
		};
		CBC8F6851AEDB78F001DDB07 /* PBXContainerItemProxy */ = {
			isa = PBXContainerItemProxy;
			containerPortal = CBC8F6581AEDB145001DDB07 /* Project object */;
			proxyType = 1;
			remoteGlobalIDString = CBC8F65F1AEDB145001DDB07;
			remoteInfo = FeedbackLoop;
		};
		CBC8F6931AEDB96D001DDB07 /* PBXContainerItemProxy */ = {
			isa = PBXContainerItemProxy;
			containerPortal = CBC8F6581AEDB145001DDB07 /* Project object */;
			proxyType = 1;
			remoteGlobalIDString = CBC8F68B1AEDB901001DDB07;
			remoteInfo = FeedbackLoopResources;
		};
/* End PBXContainerItemProxy section */

/* Begin PBXCopyFilesBuildPhase section */
		CBC8F65E1AEDB145001DDB07 /* CopyFiles */ = {
			isa = PBXCopyFilesBuildPhase;
			buildActionMask = 2147483647;
			dstPath = "include/$(PRODUCT_NAME)";
			dstSubfolderSpec = 16;
			files = (
				CBC8F6641AEDB145001DDB07 /* FeedbackLoop.h in CopyFiles */,
			);
			runOnlyForDeploymentPostprocessing = 0;
		};
/* End PBXCopyFilesBuildPhase section */

/* Begin PBXFileReference section */
		02798D12E644895F9B4541B8 /* Pods-FeedbackLoop.debug.xcconfig */ = {isa = PBXFileReference; includeInIndex = 1; lastKnownFileType = text.xcconfig; name = "Pods-FeedbackLoop.debug.xcconfig"; path = "Pods/Target Support Files/Pods-FeedbackLoop/Pods-FeedbackLoop.debug.xcconfig"; sourceTree = "<group>"; };
		CB56A1B91AF4B9A40019BB70 /* FBLAuthenticationStore.h */ = {isa = PBXFileReference; fileEncoding = 4; lastKnownFileType = sourcecode.c.h; path = FBLAuthenticationStore.h; sourceTree = "<group>"; };
		CB56A1BA1AF4B9A40019BB70 /* FBLAuthenticationStore.m */ = {isa = PBXFileReference; fileEncoding = 4; lastKnownFileType = sourcecode.c.objc; path = FBLAuthenticationStore.m; sourceTree = "<group>"; };
		CBC8F6601AEDB145001DDB07 /* libFeedbackLoop.a */ = {isa = PBXFileReference; explicitFileType = archive.ar; includeInIndex = 0; path = libFeedbackLoop.a; sourceTree = BUILT_PRODUCTS_DIR; };
		CBC8F6631AEDB145001DDB07 /* FeedbackLoop.h */ = {isa = PBXFileReference; lastKnownFileType = sourcecode.c.h; path = FeedbackLoop.h; sourceTree = "<group>"; };
		CBC8F6651AEDB145001DDB07 /* FeedbackLoop.m */ = {isa = PBXFileReference; lastKnownFileType = sourcecode.c.objc; path = FeedbackLoop.m; sourceTree = "<group>"; };
		CBC8F66B1AEDB145001DDB07 /* FeedbackLoopTests.xctest */ = {isa = PBXFileReference; explicitFileType = wrapper.cfbundle; includeInIndex = 0; path = FeedbackLoopTests.xctest; sourceTree = BUILT_PRODUCTS_DIR; };
		CBC8F6711AEDB145001DDB07 /* Info.plist */ = {isa = PBXFileReference; lastKnownFileType = text.plist.xml; path = Info.plist; sourceTree = "<group>"; };
		CBC8F67A1AEDB6D2001DDB07 /* UIKit.framework */ = {isa = PBXFileReference; lastKnownFileType = wrapper.framework; name = UIKit.framework; path = System/Library/Frameworks/UIKit.framework; sourceTree = SDKROOT; };
		CBC8F67C1AEDB6DB001DDB07 /* Foundation.framework */ = {isa = PBXFileReference; lastKnownFileType = wrapper.framework; name = Foundation.framework; path = System/Library/Frameworks/Foundation.framework; sourceTree = SDKROOT; };
		CBC8F68C1AEDB902001DDB07 /* FeedbackLoop.bundle */ = {isa = PBXFileReference; explicitFileType = wrapper.cfbundle; includeInIndex = 0; path = FeedbackLoop.bundle; sourceTree = BUILT_PRODUCTS_DIR; };
		CBC8F68F1AEDB902001DDB07 /* Info.plist */ = {isa = PBXFileReference; lastKnownFileType = text.plist.xml; path = Info.plist; sourceTree = "<group>"; };
		CBE36FAC1AF55280008579F8 /* Security.framework */ = {isa = PBXFileReference; lastKnownFileType = wrapper.framework; name = Security.framework; path = System/Library/Frameworks/Security.framework; sourceTree = SDKROOT; };
		CBE36FAE1AF55294008579F8 /* SystemConfiguration.framework */ = {isa = PBXFileReference; lastKnownFileType = wrapper.framework; name = SystemConfiguration.framework; path = System/Library/Frameworks/SystemConfiguration.framework; sourceTree = SDKROOT; };
		CBE36FB01AF552A0008579F8 /* MobileCoreServices.framework */ = {isa = PBXFileReference; lastKnownFileType = wrapper.framework; name = MobileCoreServices.framework; path = System/Library/Frameworks/MobileCoreServices.framework; sourceTree = SDKROOT; };
		CBE36FB21AF552AA008579F8 /* ImageIO.framework */ = {isa = PBXFileReference; lastKnownFileType = wrapper.framework; name = ImageIO.framework; path = System/Library/Frameworks/ImageIO.framework; sourceTree = SDKROOT; };
		CBE36FB41AF552B8008579F8 /* AVFoundation.framework */ = {isa = PBXFileReference; lastKnownFileType = wrapper.framework; name = AVFoundation.framework; path = System/Library/Frameworks/AVFoundation.framework; sourceTree = SDKROOT; };
		CBE36FB61AF552C1008579F8 /* QuartzCore.framework */ = {isa = PBXFileReference; lastKnownFileType = wrapper.framework; name = QuartzCore.framework; path = System/Library/Frameworks/QuartzCore.framework; sourceTree = SDKROOT; };
		CBE36FB81AF552CA008579F8 /* CoreGraphics.framework */ = {isa = PBXFileReference; lastKnownFileType = wrapper.framework; name = CoreGraphics.framework; path = System/Library/Frameworks/CoreGraphics.framework; sourceTree = SDKROOT; };
		CBE36FD21AF55BF0008579F8 /* FBLTeam.h */ = {isa = PBXFileReference; fileEncoding = 4; lastKnownFileType = sourcecode.c.h; path = FBLTeam.h; sourceTree = "<group>"; };
		CBE36FD31AF55BF0008579F8 /* FBLTeam.m */ = {isa = PBXFileReference; fileEncoding = 4; lastKnownFileType = sourcecode.c.objc; path = FBLTeam.m; sourceTree = "<group>"; };
		CBE36FD61AF55C36008579F8 /* FBLTeamStore.h */ = {isa = PBXFileReference; fileEncoding = 4; lastKnownFileType = sourcecode.c.h; path = FBLTeamStore.h; sourceTree = "<group>"; };
		CBE36FD71AF55C36008579F8 /* FBLTeamStore.m */ = {isa = PBXFileReference; fileEncoding = 4; lastKnownFileType = sourcecode.c.objc; path = FBLTeamStore.m; sourceTree = "<group>"; };
		CBF758831AEE156D00ABE378 /* FBLChannelStore.m */ = {isa = PBXFileReference; fileEncoding = 4; lastKnownFileType = sourcecode.c.objc; path = FBLChannelStore.m; sourceTree = "<group>"; };
		CBF758841AEE156D00ABE378 /* FBLAppConstants.h */ = {isa = PBXFileReference; fileEncoding = 4; lastKnownFileType = sourcecode.c.h; path = FBLAppConstants.h; sourceTree = "<group>"; };
		CBF758861AEE156D00ABE378 /* FBLChannelStore.h */ = {isa = PBXFileReference; fileEncoding = 4; lastKnownFileType = sourcecode.c.h; path = FBLChannelStore.h; sourceTree = "<group>"; };
		CBF758871AEE156D00ABE378 /* FBLChannelCollection.h */ = {isa = PBXFileReference; fileEncoding = 4; lastKnownFileType = sourcecode.c.h; path = FBLChannelCollection.h; sourceTree = "<group>"; };
		CBF758881AEE156D00ABE378 /* FBLChannel.h */ = {isa = PBXFileReference; fileEncoding = 4; lastKnownFileType = sourcecode.c.h; path = FBLChannel.h; sourceTree = "<group>"; };
		CBF758891AEE156D00ABE378 /* FBLChannel.m */ = {isa = PBXFileReference; fileEncoding = 4; lastKnownFileType = sourcecode.c.objc; path = FBLChannel.m; sourceTree = "<group>"; };
		CBF7588C1AEE156D00ABE378 /* FBLChatViewController.m */ = {isa = PBXFileReference; fileEncoding = 4; lastKnownFileType = sourcecode.c.objc; path = FBLChatViewController.m; sourceTree = "<group>"; };
		CBF7588E1AEE156D00ABE378 /* FBLMembersStore.m */ = {isa = PBXFileReference; fileEncoding = 4; lastKnownFileType = sourcecode.c.objc; path = FBLMembersStore.m; sourceTree = "<group>"; };
		CBF7588F1AEE156D00ABE378 /* FBLSlackStore.m */ = {isa = PBXFileReference; fileEncoding = 4; lastKnownFileType = sourcecode.c.objc; path = FBLSlackStore.m; sourceTree = "<group>"; };
		CBF758901AEE156D00ABE378 /* FBLMembersStore.h */ = {isa = PBXFileReference; fileEncoding = 4; lastKnownFileType = sourcecode.c.h; path = FBLMembersStore.h; sourceTree = "<group>"; };
		CBF758911AEE156D00ABE378 /* FBLLoginViewController.m */ = {isa = PBXFileReference; fileEncoding = 4; lastKnownFileType = sourcecode.c.objc; path = FBLLoginViewController.m; sourceTree = "<group>"; };
		CBF758921AEE156D00ABE378 /* FBLChatViewController.h */ = {isa = PBXFileReference; fileEncoding = 4; lastKnownFileType = sourcecode.c.h; path = FBLChatViewController.h; sourceTree = "<group>"; };
		CBF758931AEE156D00ABE378 /* FBLSlackStore.h */ = {isa = PBXFileReference; fileEncoding = 4; lastKnownFileType = sourcecode.c.h; path = FBLSlackStore.h; sourceTree = "<group>"; };
		CBF758941AEE156D00ABE378 /* FBLMember.h */ = {isa = PBXFileReference; fileEncoding = 4; lastKnownFileType = sourcecode.c.h; path = FBLMember.h; sourceTree = "<group>"; };
		CBF758951AEE156D00ABE378 /* FBLChatStore.m */ = {isa = PBXFileReference; fileEncoding = 4; lastKnownFileType = sourcecode.c.objc; path = FBLChatStore.m; sourceTree = "<group>"; };
		CBF758961AEE156D00ABE378 /* FBLChat.h */ = {isa = PBXFileReference; fileEncoding = 4; lastKnownFileType = sourcecode.c.h; path = FBLChat.h; sourceTree = "<group>"; };
		CBF758971AEE156D00ABE378 /* FBLChat.m */ = {isa = PBXFileReference; fileEncoding = 4; lastKnownFileType = sourcecode.c.objc; path = FBLChat.m; sourceTree = "<group>"; };
		CBF758981AEE156D00ABE378 /* FBLChatCollection.h */ = {isa = PBXFileReference; fileEncoding = 4; lastKnownFileType = sourcecode.c.h; path = FBLChatCollection.h; sourceTree = "<group>"; };
		CBF758991AEE156D00ABE378 /* FBLChatStore.h */ = {isa = PBXFileReference; fileEncoding = 4; lastKnownFileType = sourcecode.c.h; path = FBLChatStore.h; sourceTree = "<group>"; };
		CBF7589A1AEE156D00ABE378 /* FBLChatCollection.m */ = {isa = PBXFileReference; fileEncoding = 4; lastKnownFileType = sourcecode.c.objc; path = FBLChatCollection.m; sourceTree = "<group>"; };
		CBF7589B1AEE156D00ABE378 /* FBLChannelCollection.m */ = {isa = PBXFileReference; fileEncoding = 4; lastKnownFileType = sourcecode.c.objc; path = FBLChannelCollection.m; sourceTree = "<group>"; };
		CBF758A61AEE156D00ABE378 /* FBLMember.m */ = {isa = PBXFileReference; fileEncoding = 4; lastKnownFileType = sourcecode.c.objc; path = FBLMember.m; sourceTree = "<group>"; };
		CBF758A71AEE156D00ABE378 /* FBLMemberCollection.m */ = {isa = PBXFileReference; fileEncoding = 4; lastKnownFileType = sourcecode.c.objc; path = FBLMemberCollection.m; sourceTree = "<group>"; };
		CBF758A81AEE156D00ABE378 /* FBLMemberCollection.h */ = {isa = PBXFileReference; fileEncoding = 4; lastKnownFileType = sourcecode.c.h; path = FBLMemberCollection.h; sourceTree = "<group>"; };
		CBF758AC1AEE156D00ABE378 /* FBLHelpers.h */ = {isa = PBXFileReference; fileEncoding = 4; lastKnownFileType = sourcecode.c.h; path = FBLHelpers.h; sourceTree = "<group>"; };
		CBF758AD1AEE156D00ABE378 /* FBLHelpers.m */ = {isa = PBXFileReference; fileEncoding = 4; lastKnownFileType = sourcecode.c.objc; path = FBLHelpers.m; sourceTree = "<group>"; };
		CBF758B01AEE156D00ABE378 /* FBLLoginViewController.h */ = {isa = PBXFileReference; fileEncoding = 4; lastKnownFileType = sourcecode.c.h; path = FBLLoginViewController.h; sourceTree = "<group>"; };
		CBF758B11AEE156D00ABE378 /* FBLLoginViewController.xib */ = {isa = PBXFileReference; fileEncoding = 4; lastKnownFileType = file.xib; path = FBLLoginViewController.xib; sourceTree = "<group>"; };
		CBF758B21AEE156D00ABE378 /* FBLCameraUtil.h */ = {isa = PBXFileReference; fileEncoding = 4; lastKnownFileType = sourcecode.c.h; path = FBLCameraUtil.h; sourceTree = "<group>"; };
		CBF758B31AEE156D00ABE378 /* FBLCameraUtil.m */ = {isa = PBXFileReference; fileEncoding = 4; lastKnownFileType = sourcecode.c.objc; path = FBLCameraUtil.m; sourceTree = "<group>"; };
		E73B38F933FEE30E849E8865 /* Pods-FeedbackLoop.release.xcconfig */ = {isa = PBXFileReference; includeInIndex = 1; lastKnownFileType = text.xcconfig; name = "Pods-FeedbackLoop.release.xcconfig"; path = "Pods/Target Support Files/Pods-FeedbackLoop/Pods-FeedbackLoop.release.xcconfig"; sourceTree = "<group>"; };
		E7BE0388F629143A58D9C1EA /* libPods-FeedbackLoop.a */ = {isa = PBXFileReference; explicitFileType = archive.ar; includeInIndex = 0; path = "libPods-FeedbackLoop.a"; sourceTree = BUILT_PRODUCTS_DIR; };
/* End PBXFileReference section */

/* Begin PBXFrameworksBuildPhase section */
		CBC8F65D1AEDB145001DDB07 /* Frameworks */ = {
			isa = PBXFrameworksBuildPhase;
			buildActionMask = 2147483647;
			files = (
				CBC8F67D1AEDB6DB001DDB07 /* Foundation.framework in Frameworks */,
				CBC8F67B1AEDB6D2001DDB07 /* UIKit.framework in Frameworks */,
				CBE36FB91AF552CA008579F8 /* CoreGraphics.framework in Frameworks */,
				CBE36FB71AF552C1008579F8 /* QuartzCore.framework in Frameworks */,
				CBE36FB51AF552B8008579F8 /* AVFoundation.framework in Frameworks */,
				CBE36FB31AF552AA008579F8 /* ImageIO.framework in Frameworks */,
				CBE36FB11AF552A0008579F8 /* MobileCoreServices.framework in Frameworks */,
				CBE36FAF1AF55294008579F8 /* SystemConfiguration.framework in Frameworks */,
				CBE36FAD1AF55280008579F8 /* Security.framework in Frameworks */,
			);
			runOnlyForDeploymentPostprocessing = 0;
		};
		CBC8F6681AEDB145001DDB07 /* Frameworks */ = {
			isa = PBXFrameworksBuildPhase;
			buildActionMask = 2147483647;
			files = (
				CBC8F66C1AEDB145001DDB07 /* libFeedbackLoop.a in Frameworks */,
			);
			runOnlyForDeploymentPostprocessing = 0;
		};
		CBC8F6891AEDB901001DDB07 /* Frameworks */ = {
			isa = PBXFrameworksBuildPhase;
			buildActionMask = 2147483647;
			files = (
			);
			runOnlyForDeploymentPostprocessing = 0;
		};
/* End PBXFrameworksBuildPhase section */

/* Begin PBXGroup section */
		0F3EA0C3161425F65FFDB8CB /* Pods */ = {
			isa = PBXGroup;
			children = (
				02798D12E644895F9B4541B8 /* Pods-FeedbackLoop.debug.xcconfig */,
				E73B38F933FEE30E849E8865 /* Pods-FeedbackLoop.release.xcconfig */,
			);
			name = Pods;
			sourceTree = "<group>";
		};
		311997FE4238AC7B20B60A0C /* Frameworks */ = {
			isa = PBXGroup;
			children = (
				CBE36FB81AF552CA008579F8 /* CoreGraphics.framework */,
				CBE36FB61AF552C1008579F8 /* QuartzCore.framework */,
				CBE36FB41AF552B8008579F8 /* AVFoundation.framework */,
				CBE36FB21AF552AA008579F8 /* ImageIO.framework */,
				CBE36FB01AF552A0008579F8 /* MobileCoreServices.framework */,
				CBE36FAE1AF55294008579F8 /* SystemConfiguration.framework */,
				CBE36FAC1AF55280008579F8 /* Security.framework */,
				CBC8F67C1AEDB6DB001DDB07 /* Foundation.framework */,
				CBC8F67A1AEDB6D2001DDB07 /* UIKit.framework */,
				E7BE0388F629143A58D9C1EA /* libPods-FeedbackLoop.a */,
			);
			name = Frameworks;
			sourceTree = "<group>";
		};
		CBC8F6571AEDB145001DDB07 = {
			isa = PBXGroup;
			children = (
				CBC8F6621AEDB145001DDB07 /* FeedbackLoop */,
				CBC8F66F1AEDB145001DDB07 /* FeedbackLoopTests */,
				CBC8F68D1AEDB902001DDB07 /* FeedbackLoopResources */,
				CBC8F6611AEDB145001DDB07 /* Products */,
				0F3EA0C3161425F65FFDB8CB /* Pods */,
				311997FE4238AC7B20B60A0C /* Frameworks */,
			);
			sourceTree = "<group>";
		};
		CBC8F6611AEDB145001DDB07 /* Products */ = {
			isa = PBXGroup;
			children = (
				CBC8F6601AEDB145001DDB07 /* libFeedbackLoop.a */,
				CBC8F66B1AEDB145001DDB07 /* FeedbackLoopTests.xctest */,
				CBC8F68C1AEDB902001DDB07 /* FeedbackLoop.bundle */,
			);
			name = Products;
			sourceTree = "<group>";
		};
		CBC8F6621AEDB145001DDB07 /* FeedbackLoop */ = {
			isa = PBXGroup;
			children = (
				CBF759021AEF2A2700ABE378 /* Constants */,
				CBF758FE1AEE980000ABE378 /* Chats */,
				CBF758FA1AEE97E900ABE378 /* Utils */,
				CBF758F91AEE97E200ABE378 /* Login */,
				CBF758F61AEE96B900ABE378 /* Collection */,
				CBF758F51AEE969200ABE378 /* Models */,
				CBF758F41AEE967000ABE378 /* Stores */,
				CBC8F6631AEDB145001DDB07 /* FeedbackLoop.h */,
				CBC8F6651AEDB145001DDB07 /* FeedbackLoop.m */,
			);
			path = FeedbackLoop;
			sourceTree = "<group>";
		};
		CBC8F66F1AEDB145001DDB07 /* FeedbackLoopTests */ = {
			isa = PBXGroup;
			children = (
				CBC8F6701AEDB145001DDB07 /* Supporting Files */,
			);
			path = FeedbackLoopTests;
			sourceTree = "<group>";
		};
		CBC8F6701AEDB145001DDB07 /* Supporting Files */ = {
			isa = PBXGroup;
			children = (
				CBC8F6711AEDB145001DDB07 /* Info.plist */,
			);
			name = "Supporting Files";
			sourceTree = "<group>";
		};
		CBC8F68D1AEDB902001DDB07 /* FeedbackLoopResources */ = {
			isa = PBXGroup;
			children = (
				CBC8F68E1AEDB902001DDB07 /* Supporting Files */,
			);
			path = FeedbackLoopResources;
			sourceTree = "<group>";
		};
		CBC8F68E1AEDB902001DDB07 /* Supporting Files */ = {
			isa = PBXGroup;
			children = (
				CBC8F68F1AEDB902001DDB07 /* Info.plist */,
			);
			name = "Supporting Files";
			sourceTree = "<group>";
		};
		CBF758F41AEE967000ABE378 /* Stores */ = {
			isa = PBXGroup;
			children = (
				CBF758831AEE156D00ABE378 /* FBLChannelStore.m */,
				CBF758861AEE156D00ABE378 /* FBLChannelStore.h */,
				CBF7588E1AEE156D00ABE378 /* FBLMembersStore.m */,
				CBF7588F1AEE156D00ABE378 /* FBLSlackStore.m */,
				CBF758901AEE156D00ABE378 /* FBLMembersStore.h */,
				CBF758931AEE156D00ABE378 /* FBLSlackStore.h */,
				CBF758951AEE156D00ABE378 /* FBLChatStore.m */,
				CBF758991AEE156D00ABE378 /* FBLChatStore.h */,
				CB56A1B91AF4B9A40019BB70 /* FBLAuthenticationStore.h */,
				CB56A1BA1AF4B9A40019BB70 /* FBLAuthenticationStore.m */,
				CBE36FD61AF55C36008579F8 /* FBLTeamStore.h */,
				CBE36FD71AF55C36008579F8 /* FBLTeamStore.m */,
			);
			name = Stores;
			sourceTree = "<group>";
		};
		CBF758F51AEE969200ABE378 /* Models */ = {
			isa = PBXGroup;
			children = (
				CBF758881AEE156D00ABE378 /* FBLChannel.h */,
				CBF758891AEE156D00ABE378 /* FBLChannel.m */,
				CBF758941AEE156D00ABE378 /* FBLMember.h */,
				CBF758961AEE156D00ABE378 /* FBLChat.h */,
				CBF758971AEE156D00ABE378 /* FBLChat.m */,
				CBF758A61AEE156D00ABE378 /* FBLMember.m */,
				CBE36FD21AF55BF0008579F8 /* FBLTeam.h */,
				CBE36FD31AF55BF0008579F8 /* FBLTeam.m */,
			);
			name = Models;
			sourceTree = "<group>";
		};
		CBF758F61AEE96B900ABE378 /* Collection */ = {
			isa = PBXGroup;
			children = (
				CBF7589B1AEE156D00ABE378 /* FBLChannelCollection.m */,
				CBF758871AEE156D00ABE378 /* FBLChannelCollection.h */,
				CBF758981AEE156D00ABE378 /* FBLChatCollection.h */,
				CBF7589A1AEE156D00ABE378 /* FBLChatCollection.m */,
				CBF758A71AEE156D00ABE378 /* FBLMemberCollection.m */,
				CBF758A81AEE156D00ABE378 /* FBLMemberCollection.h */,
			);
			name = Collection;
			sourceTree = "<group>";
		};
		CBF758F91AEE97E200ABE378 /* Login */ = {
			isa = PBXGroup;
			children = (
				CBF758911AEE156D00ABE378 /* FBLLoginViewController.m */,
				CBF758B01AEE156D00ABE378 /* FBLLoginViewController.h */,
				CBF758B11AEE156D00ABE378 /* FBLLoginViewController.xib */,
			);
			name = Login;
			sourceTree = "<group>";
		};
		CBF758FA1AEE97E900ABE378 /* Utils */ = {
			isa = PBXGroup;
			children = (
				CBF758AC1AEE156D00ABE378 /* FBLHelpers.h */,
				CBF758AD1AEE156D00ABE378 /* FBLHelpers.m */,
				CBF758B21AEE156D00ABE378 /* FBLCameraUtil.h */,
				CBF758B31AEE156D00ABE378 /* FBLCameraUtil.m */,
			);
			name = Utils;
			sourceTree = "<group>";
		};
		CBF758FE1AEE980000ABE378 /* Chats */ = {
			isa = PBXGroup;
			children = (
				CBF7588C1AEE156D00ABE378 /* FBLChatViewController.m */,
				CBF758921AEE156D00ABE378 /* FBLChatViewController.h */,
			);
			name = Chats;
			sourceTree = "<group>";
		};
		CBF759021AEF2A2700ABE378 /* Constants */ = {
			isa = PBXGroup;
			children = (
				CBF758841AEE156D00ABE378 /* FBLAppConstants.h */,
			);
			name = Constants;
			sourceTree = "<group>";
		};
/* End PBXGroup section */

/* Begin PBXHeadersBuildPhase section */
		CBC8F67E1AEDB6EF001DDB07 /* Headers */ = {
			isa = PBXHeadersBuildPhase;
			buildActionMask = 2147483647;
			files = (
				CBF758EB1AEE156D00ABE378 /* FBLCameraUtil.h in Headers */,
				CBE36FBC1AF5530C008579F8 /* FBLAuthenticationStore.h in Headers */,
				CBF758D11AEE156D00ABE378 /* FBLMember.h in Headers */,
				CBE36FD81AF55C36008579F8 /* FBLTeamStore.h in Headers */,
				CBF758EA1AEE156D00ABE378 /* FBLLoginViewController.h in Headers */,
				CBF758D01AEE156D00ABE378 /* FBLSlackStore.h in Headers */,
				CBC8F67F1AEDB6FB001DDB07 /* FeedbackLoop.h in Headers */,
				CBE36FD41AF55BF0008579F8 /* FBLTeam.h in Headers */,
				CBF758E61AEE156D00ABE378 /* FBLHelpers.h in Headers */,
				CBF758CF1AEE156D00ABE378 /* FBLChatViewController.h in Headers */,
				CBF758D51AEE156D00ABE378 /* FBLChatCollection.h in Headers */,
				CBF758C31AEE156D00ABE378 /* FBLChannelStore.h in Headers */,
				CBF758CD1AEE156D00ABE378 /* FBLMembersStore.h in Headers */,
				CBF758C41AEE156D00ABE378 /* FBLChannelCollection.h in Headers */,
				CBF758E21AEE156D00ABE378 /* FBLMemberCollection.h in Headers */,
				CBF758C11AEE156D00ABE378 /* FBLAppConstants.h in Headers */,
				CBF758C51AEE156D00ABE378 /* FBLChannel.h in Headers */,
				CBF758D31AEE156D00ABE378 /* FBLChat.h in Headers */,
				CBF758D61AEE156D00ABE378 /* FBLChatStore.h in Headers */,
			);
			runOnlyForDeploymentPostprocessing = 0;
		};
/* End PBXHeadersBuildPhase section */

/* Begin PBXNativeTarget section */
		CBC8F65F1AEDB145001DDB07 /* FeedbackLoop */ = {
			isa = PBXNativeTarget;
			buildConfigurationList = CBC8F6741AEDB145001DDB07 /* Build configuration list for PBXNativeTarget "FeedbackLoop" */;
			buildPhases = (
				FE0BCB6C2321F382E7F761E1 /* Check Pods Manifest.lock */,
				CBC8F65C1AEDB145001DDB07 /* Sources */,
				CBC8F65D1AEDB145001DDB07 /* Frameworks */,
				CBC8F65E1AEDB145001DDB07 /* CopyFiles */,
				AADFF788039BF4AAA35C81B4 /* Copy Pods Resources */,
				CBC8F67E1AEDB6EF001DDB07 /* Headers */,
				CBC8F6801AEDB756001DDB07 /* Build Framework */,
			);
			buildRules = (
			);
			dependencies = (
			);
			name = FeedbackLoop;
			productName = FeedbackLoop;
			productReference = CBC8F6601AEDB145001DDB07 /* libFeedbackLoop.a */;
			productType = "com.apple.product-type.library.static";
		};
		CBC8F66A1AEDB145001DDB07 /* FeedbackLoopTests */ = {
			isa = PBXNativeTarget;
			buildConfigurationList = CBC8F6771AEDB145001DDB07 /* Build configuration list for PBXNativeTarget "FeedbackLoopTests" */;
			buildPhases = (
				CBC8F6671AEDB145001DDB07 /* Sources */,
				CBC8F6681AEDB145001DDB07 /* Frameworks */,
				CBC8F6691AEDB145001DDB07 /* Resources */,
			);
			buildRules = (
			);
			dependencies = (
				CBC8F66E1AEDB145001DDB07 /* PBXTargetDependency */,
			);
			name = FeedbackLoopTests;
			productName = FeedbackLoopTests;
			productReference = CBC8F66B1AEDB145001DDB07 /* FeedbackLoopTests.xctest */;
			productType = "com.apple.product-type.bundle.unit-test";
		};
		CBC8F68B1AEDB901001DDB07 /* FeedbackLoopResources */ = {
			isa = PBXNativeTarget;
			buildConfigurationList = CBC8F6901AEDB902001DDB07 /* Build configuration list for PBXNativeTarget "FeedbackLoopResources" */;
			buildPhases = (
				CBC8F6881AEDB901001DDB07 /* Sources */,
				CBC8F6891AEDB901001DDB07 /* Frameworks */,
				CBC8F68A1AEDB901001DDB07 /* Resources */,
			);
			buildRules = (
			);
			dependencies = (
			);
			name = FeedbackLoopResources;
			productName = FeedbackLoopResources;
			productReference = CBC8F68C1AEDB902001DDB07 /* FeedbackLoop.bundle */;
			productType = "com.apple.product-type.bundle";
		};
/* End PBXNativeTarget section */

/* Begin PBXProject section */
		CBC8F6581AEDB145001DDB07 /* Project object */ = {
			isa = PBXProject;
			attributes = {
				LastUpgradeCheck = 0630;
				ORGANIZATIONNAME = FBL;
				TargetAttributes = {
					CBC8F65F1AEDB145001DDB07 = {
						CreatedOnToolsVersion = 6.3;
					};
					CBC8F66A1AEDB145001DDB07 = {
						CreatedOnToolsVersion = 6.3;
					};
					CBC8F6811AEDB781001DDB07 = {
						CreatedOnToolsVersion = 6.3;
					};
					CBC8F68B1AEDB901001DDB07 = {
						CreatedOnToolsVersion = 6.3;
					};
				};
			};
			buildConfigurationList = CBC8F65B1AEDB145001DDB07 /* Build configuration list for PBXProject "FeedbackLoop" */;
			compatibilityVersion = "Xcode 3.2";
			developmentRegion = English;
			hasScannedForEncodings = 0;
			knownRegions = (
				en,
			);
			mainGroup = CBC8F6571AEDB145001DDB07;
			productRefGroup = CBC8F6611AEDB145001DDB07 /* Products */;
			projectDirPath = "";
			projectRoot = "";
			targets = (
				CBC8F65F1AEDB145001DDB07 /* FeedbackLoop */,
				CBC8F66A1AEDB145001DDB07 /* FeedbackLoopTests */,
				CBC8F6811AEDB781001DDB07 /* Framework */,
				CBC8F68B1AEDB901001DDB07 /* FeedbackLoopResources */,
			);
		};
/* End PBXProject section */

/* Begin PBXResourcesBuildPhase section */
		CBC8F6691AEDB145001DDB07 /* Resources */ = {
			isa = PBXResourcesBuildPhase;
			buildActionMask = 2147483647;
			files = (
			);
			runOnlyForDeploymentPostprocessing = 0;
		};
		CBC8F68A1AEDB901001DDB07 /* Resources */ = {
			isa = PBXResourcesBuildPhase;
			buildActionMask = 2147483647;
			files = (
			);
			runOnlyForDeploymentPostprocessing = 0;
		};
/* End PBXResourcesBuildPhase section */

/* Begin PBXShellScriptBuildPhase section */
		AADFF788039BF4AAA35C81B4 /* Copy Pods Resources */ = {
			isa = PBXShellScriptBuildPhase;
			buildActionMask = 2147483647;
			files = (
			);
			inputPaths = (
			);
			name = "Copy Pods Resources";
			outputPaths = (
			);
			runOnlyForDeploymentPostprocessing = 0;
			shellPath = /bin/sh;
			shellScript = "\"${SRCROOT}/Pods/Target Support Files/Pods-FeedbackLoop/Pods-FeedbackLoop-resources.sh\"\n";
			showEnvVarsInLog = 0;
		};
		CBC8F6801AEDB756001DDB07 /* Build Framework */ = {
			isa = PBXShellScriptBuildPhase;
			buildActionMask = 2147483647;
			files = (
			);
			inputPaths = (
			);
			name = "Build Framework";
			outputPaths = (
			);
			runOnlyForDeploymentPostprocessing = 0;
			shellPath = /bin/sh;
			shellScript = "set -e\n\nexport FRAMEWORK_LOCN=\"${BUILT_PRODUCTS_DIR}/${PRODUCT_NAME}.framework\"\n\n# Create the path to the real Headers die\nmkdir -p \"${FRAMEWORK_LOCN}/Versions/A/Headers\"\n\n# Create the required symlinks\n/bin/ln -sfh A \"${FRAMEWORK_LOCN}/Versions/Current\"\n/bin/ln -sfh Versions/Current/Headers \"${FRAMEWORK_LOCN}/Headers\"\n/bin/ln -sfh \"Versions/Current/${PRODUCT_NAME}\" \\\n\"${FRAMEWORK_LOCN}/${PRODUCT_NAME}\"\n\n# Copy the public headers into the framework\n/bin/cp -a \"${TARGET_BUILD_DIR}/${PUBLIC_HEADERS_FOLDER_PATH}/\" \\\n\"${FRAMEWORK_LOCN}/Versions/A/Headers\"";
		};
		CBC8F6871AEDB796001DDB07 /* MultiPlatform Build */ = {
			isa = PBXShellScriptBuildPhase;
			buildActionMask = 2147483647;
			files = (
			);
			inputPaths = (
			);
			name = "MultiPlatform Build";
			outputPaths = (
			);
			runOnlyForDeploymentPostprocessing = 0;
			shellPath = /bin/sh;
			shellScript = "set -e\n\n# If we're already inside this script then die\nif [ -n \"$RW_MULTIPLATFORM_BUILD_IN_PROGRESS\" ]; then\nexit 0\nfi\nexport RW_MULTIPLATFORM_BUILD_IN_PROGRESS=1\n\nRW_FRAMEWORK_NAME=${PROJECT_NAME}\nRW_INPUT_STATIC_LIB=\"lib${PROJECT_NAME}.a\"\nRW_FRAMEWORK_LOCATION=\"${BUILT_PRODUCTS_DIR}/${RW_FRAMEWORK_NAME}.framework\"\n\nfunction build_static_library {\n    # Will rebuild the static library as specified\n    #     build_static_library sdk\n    xcrun xcodebuild -project \"${PROJECT_FILE_PATH}\" \\\n    -target \"${TARGET_NAME}\" \\\n    -configuration \"${CONFIGURATION}\" \\\n    -sdk \"${1}\" \\\n    ONLY_ACTIVE_ARCH=NO \\\n    BUILD_DIR=\"${BUILD_DIR}\" \\\n    OBJROOT=\"${OBJROOT}\" \\\n    BUILD_ROOT=\"${BUILD_ROOT}\" \\\n    SYMROOT=\"${SYMROOT}\" $ACTION\n}\n\nfunction make_fat_library {\n    # Will smash 2 static libs together\n    #     make_fat_library in1 in2 out\n    xcrun lipo -create \"${1}\" \"${2}\" -output \"${3}\"\n}\n\n# 1 - Extract the platform (iphoneos/iphonesimulator) from the SDK name\nif [[ \"$SDK_NAME\" =~ ([A-Za-z]+) ]]; then\nRW_SDK_PLATFORM=${BASH_REMATCH[1]}\nelse\necho \"Could not find platform name from SDK_NAME: $SDK_NAME\"\nexit 1\nfi\n\n# 2 - Extract the version from the SDK\nif [[ \"$SDK_NAME\" =~ ([0-9]+.*$) ]]; then\nRW_SDK_VERSION=${BASH_REMATCH[1]}\nelse\necho \"Could not find sdk version from SDK_NAME: $SDK_NAME\"\nexit 1\nfi\n\n# 3 - Determine the other platform\nif [ \"$RW_SDK_PLATFORM\" == \"iphoneos\" ]; then\nRW_OTHER_PLATFORM=iphonesimulator\nelse\nRW_OTHER_PLATFORM=iphoneos\nfi\n\n# 4 - Find the build directory\nif [[ \"$BUILT_PRODUCTS_DIR\" =~ (.*)$RW_SDK_PLATFORM$ ]]; then\nRW_OTHER_BUILT_PRODUCTS_DIR=\"${BASH_REMATCH[1]}${RW_OTHER_PLATFORM}\"\nelse\necho \"Could not find other platform build directory.\"\nexit 1\nfi\n\n# Build the other platform.\nbuild_static_library \"${RW_OTHER_PLATFORM}${RW_SDK_VERSION}\"\n\n# If we're currently building for iphonesimulator, then need to rebuild\n#   to ensure that we get both i386 and x86_64\nif [ \"$RW_SDK_PLATFORM\" == \"iphonesimulator\" ]; then\nbuild_static_library \"${SDK_NAME}\"\nfi\n\n# Join the 2 static libs into 1 and push into the .framework\nmake_fat_library \"${BUILT_PRODUCTS_DIR}/${RW_INPUT_STATIC_LIB}\" \\\n\"${RW_OTHER_BUILT_PRODUCTS_DIR}/${RW_INPUT_STATIC_LIB}\" \\\n\"${RW_FRAMEWORK_LOCATION}/Versions/A/${RW_FRAMEWORK_NAME}\"\n\n# Ensure that the framework is present in both platform's build directories\ncp -a \"${RW_FRAMEWORK_LOCATION}/Versions/A/${RW_FRAMEWORK_NAME}\" \\\n\"${RW_OTHER_BUILT_PRODUCTS_DIR}/${RW_FRAMEWORK_NAME}.framework/Versions/A/${RW_FRAMEWORK_NAME}\"\n\n# Copy the framework to the projects PodBuilds Dir\nditto \"${RW_FRAMEWORK_LOCATION}\" \"${HOME}/projects/feedbackLoop/ios/PodBuilds/${RW_FRAMEWORK_NAME}.framework\"\n\n# Copy the framework to the projects PodBuilds Dir\nditto \"${BUILT_PRODUCTS_DIR}/${RW_FRAMEWORK_NAME}.bundle\" \\\n\"${HOME}/projects/feedbackLoop/ios/PodBuilds/${RW_FRAMEWORK_NAME}.bundle\"";
		};
		FE0BCB6C2321F382E7F761E1 /* Check Pods Manifest.lock */ = {
			isa = PBXShellScriptBuildPhase;
			buildActionMask = 2147483647;
			files = (
			);
			inputPaths = (
			);
			name = "Check Pods Manifest.lock";
			outputPaths = (
			);
			runOnlyForDeploymentPostprocessing = 0;
			shellPath = /bin/sh;
			shellScript = "diff \"${PODS_ROOT}/../Podfile.lock\" \"${PODS_ROOT}/Manifest.lock\" > /dev/null\nif [[ $? != 0 ]] ; then\n    cat << EOM\nerror: The sandbox is not in sync with the Podfile.lock. Run 'pod install' or update your CocoaPods installation.\nEOM\n    exit 1\nfi\n";
			showEnvVarsInLog = 0;
		};
/* End PBXShellScriptBuildPhase section */

/* Begin PBXSourcesBuildPhase section */
		CBC8F65C1AEDB145001DDB07 /* Sources */ = {
			isa = PBXSourcesBuildPhase;
			buildActionMask = 2147483647;
			files = (
				CBF758E11AEE156D00ABE378 /* FBLMemberCollection.m in Sources */,
				CBF758C61AEE156D00ABE378 /* FBLChannel.m in Sources */,
				CBF758E01AEE156D00ABE378 /* FBLMember.m in Sources */,
				CBE36FD91AF55C36008579F8 /* FBLTeamStore.m in Sources */,
				CBF758CC1AEE156D00ABE378 /* FBLSlackStore.m in Sources */,
				CBF758C01AEE156D00ABE378 /* FBLChannelStore.m in Sources */,
				CBE36FBB1AF552F8008579F8 /* FBLAuthenticationStore.m in Sources */,
				CBF758D71AEE156D00ABE378 /* FBLChatCollection.m in Sources */,
				CBF758D41AEE156D00ABE378 /* FBLChat.m in Sources */,
				CBE36FBA1AF552F4008579F8 /* FBLChatStore.m in Sources */,
				CBF758D81AEE156D00ABE378 /* FBLChannelCollection.m in Sources */,
				CBF758C91AEE156D00ABE378 /* FBLChatViewController.m in Sources */,
				CBF758CB1AEE156D00ABE378 /* FBLMembersStore.m in Sources */,
				CBC8F6661AEDB145001DDB07 /* FeedbackLoop.m in Sources */,
				CBF758E71AEE156D00ABE378 /* FBLHelpers.m in Sources */,
				CBF758CE1AEE156D00ABE378 /* FBLLoginViewController.m in Sources */,
				CBF758EC1AEE156D00ABE378 /* FBLCameraUtil.m in Sources */,
				CBE36FD51AF55BF0008579F8 /* FBLTeam.m in Sources */,
			);
			runOnlyForDeploymentPostprocessing = 0;
		};
		CBC8F6671AEDB145001DDB07 /* Sources */ = {
			isa = PBXSourcesBuildPhase;
			buildActionMask = 2147483647;
			files = (
			);
			runOnlyForDeploymentPostprocessing = 0;
		};
		CBC8F6881AEDB901001DDB07 /* Sources */ = {
			isa = PBXSourcesBuildPhase;
			buildActionMask = 2147483647;
			files = (
			);
			runOnlyForDeploymentPostprocessing = 0;
		};
/* End PBXSourcesBuildPhase section */

/* Begin PBXTargetDependency section */
		CBC8F66E1AEDB145001DDB07 /* PBXTargetDependency */ = {
			isa = PBXTargetDependency;
			target = CBC8F65F1AEDB145001DDB07 /* FeedbackLoop */;
			targetProxy = CBC8F66D1AEDB145001DDB07 /* PBXContainerItemProxy */;
		};
		CBC8F6861AEDB78F001DDB07 /* PBXTargetDependency */ = {
			isa = PBXTargetDependency;
			target = CBC8F65F1AEDB145001DDB07 /* FeedbackLoop */;
			targetProxy = CBC8F6851AEDB78F001DDB07 /* PBXContainerItemProxy */;
		};
		CBC8F6941AEDB96D001DDB07 /* PBXTargetDependency */ = {
			isa = PBXTargetDependency;
			target = CBC8F68B1AEDB901001DDB07 /* FeedbackLoopResources */;
			targetProxy = CBC8F6931AEDB96D001DDB07 /* PBXContainerItemProxy */;
		};
/* End PBXTargetDependency section */

/* Begin XCBuildConfiguration section */
		CBC8F6721AEDB145001DDB07 /* Debug */ = {
			isa = XCBuildConfiguration;
			buildSettings = {
				ALWAYS_SEARCH_USER_PATHS = NO;
				CLANG_CXX_LANGUAGE_STANDARD = "gnu++0x";
				CLANG_CXX_LIBRARY = "libc++";
				CLANG_ENABLE_MODULES = YES;
				CLANG_ENABLE_OBJC_ARC = YES;
				CLANG_WARN_BOOL_CONVERSION = YES;
				CLANG_WARN_CONSTANT_CONVERSION = YES;
				CLANG_WARN_DIRECT_OBJC_ISA_USAGE = YES_ERROR;
				CLANG_WARN_EMPTY_BODY = YES;
				CLANG_WARN_ENUM_CONVERSION = YES;
				CLANG_WARN_INT_CONVERSION = YES;
				CLANG_WARN_OBJC_ROOT_CLASS = YES_ERROR;
				CLANG_WARN_UNREACHABLE_CODE = YES;
				CLANG_WARN__DUPLICATE_METHOD_MATCH = YES;
				COPY_PHASE_STRIP = NO;
				DEBUG_INFORMATION_FORMAT = "dwarf-with-dsym";
				ENABLE_STRICT_OBJC_MSGSEND = YES;
				GCC_C_LANGUAGE_STANDARD = gnu99;
				GCC_DYNAMIC_NO_PIC = NO;
				GCC_NO_COMMON_BLOCKS = YES;
				GCC_OPTIMIZATION_LEVEL = 0;
				GCC_PREPROCESSOR_DEFINITIONS = (
					"DEBUG=1",
					"$(inherited)",
				);
				GCC_SYMBOLS_PRIVATE_EXTERN = NO;
				GCC_WARN_64_TO_32_BIT_CONVERSION = YES;
				GCC_WARN_ABOUT_RETURN_TYPE = YES_ERROR;
				GCC_WARN_UNDECLARED_SELECTOR = YES;
				GCC_WARN_UNINITIALIZED_AUTOS = YES_AGGRESSIVE;
				GCC_WARN_UNUSED_FUNCTION = YES;
				GCC_WARN_UNUSED_VARIABLE = YES;
				IPHONEOS_DEPLOYMENT_TARGET = 8.3;
				MTL_ENABLE_DEBUG_INFO = YES;
				ONLY_ACTIVE_ARCH = YES;
				SDKROOT = iphoneos;
			};
			name = Debug;
		};
		CBC8F6731AEDB145001DDB07 /* Release */ = {
			isa = XCBuildConfiguration;
			buildSettings = {
				ALWAYS_SEARCH_USER_PATHS = NO;
				CLANG_CXX_LANGUAGE_STANDARD = "gnu++0x";
				CLANG_CXX_LIBRARY = "libc++";
				CLANG_ENABLE_MODULES = YES;
				CLANG_ENABLE_OBJC_ARC = YES;
				CLANG_WARN_BOOL_CONVERSION = YES;
				CLANG_WARN_CONSTANT_CONVERSION = YES;
				CLANG_WARN_DIRECT_OBJC_ISA_USAGE = YES_ERROR;
				CLANG_WARN_EMPTY_BODY = YES;
				CLANG_WARN_ENUM_CONVERSION = YES;
				CLANG_WARN_INT_CONVERSION = YES;
				CLANG_WARN_OBJC_ROOT_CLASS = YES_ERROR;
				CLANG_WARN_UNREACHABLE_CODE = YES;
				CLANG_WARN__DUPLICATE_METHOD_MATCH = YES;
				COPY_PHASE_STRIP = NO;
				DEBUG_INFORMATION_FORMAT = "dwarf-with-dsym";
				ENABLE_NS_ASSERTIONS = NO;
				ENABLE_STRICT_OBJC_MSGSEND = YES;
				GCC_C_LANGUAGE_STANDARD = gnu99;
				GCC_NO_COMMON_BLOCKS = YES;
				GCC_WARN_64_TO_32_BIT_CONVERSION = YES;
				GCC_WARN_ABOUT_RETURN_TYPE = YES_ERROR;
				GCC_WARN_UNDECLARED_SELECTOR = YES;
				GCC_WARN_UNINITIALIZED_AUTOS = YES_AGGRESSIVE;
				GCC_WARN_UNUSED_FUNCTION = YES;
				GCC_WARN_UNUSED_VARIABLE = YES;
				IPHONEOS_DEPLOYMENT_TARGET = 8.3;
				MTL_ENABLE_DEBUG_INFO = NO;
				SDKROOT = iphoneos;
				VALIDATE_PRODUCT = YES;
			};
			name = Release;
		};
		CBC8F6751AEDB145001DDB07 /* Debug */ = {
			isa = XCBuildConfiguration;
			baseConfigurationReference = 02798D12E644895F9B4541B8 /* Pods-FeedbackLoop.debug.xcconfig */;
			buildSettings = {
				DEAD_CODE_STRIPPING = NO;
				OTHER_LDFLAGS = "-ObjC";
				PRODUCT_NAME = "$(TARGET_NAME)";
				PUBLIC_HEADERS_FOLDER_PATH = "include/$(PROJECT_NAME)";
				SKIP_INSTALL = YES;
				STRIP_STYLE = "non-global";
			};
			name = Debug;
		};
		CBC8F6761AEDB145001DDB07 /* Release */ = {
			isa = XCBuildConfiguration;
			baseConfigurationReference = E73B38F933FEE30E849E8865 /* Pods-FeedbackLoop.release.xcconfig */;
			buildSettings = {
				DEAD_CODE_STRIPPING = NO;
				OTHER_LDFLAGS = "-ObjC";
				PRODUCT_NAME = "$(TARGET_NAME)";
				PUBLIC_HEADERS_FOLDER_PATH = "include/$(PROJECT_NAME)";
				SKIP_INSTALL = YES;
				STRIP_STYLE = "non-global";
			};
			name = Release;
		};
		CBC8F6781AEDB145001DDB07 /* Debug */ = {
			isa = XCBuildConfiguration;
			buildSettings = {
				"CODE_SIGN_IDENTITY[sdk=iphoneos*]" = "iPhone Developer";
				FRAMEWORK_SEARCH_PATHS = (
					"$(SDKROOT)/Developer/Library/Frameworks",
					"$(inherited)",
				);
				GCC_PREPROCESSOR_DEFINITIONS = (
					"DEBUG=1",
					"$(inherited)",
				);
				INFOPLIST_FILE = FeedbackLoopTests/Info.plist;
				LD_RUNPATH_SEARCH_PATHS = "$(inherited) @executable_path/Frameworks @loader_path/Frameworks";
				PRODUCT_NAME = "$(TARGET_NAME)";
			};
			name = Debug;
		};
		CBC8F6791AEDB145001DDB07 /* Release */ = {
			isa = XCBuildConfiguration;
			buildSettings = {
				"CODE_SIGN_IDENTITY[sdk=iphoneos*]" = "iPhone Developer";
				FRAMEWORK_SEARCH_PATHS = (
					"$(SDKROOT)/Developer/Library/Frameworks",
					"$(inherited)",
				);
				INFOPLIST_FILE = FeedbackLoopTests/Info.plist;
				LD_RUNPATH_SEARCH_PATHS = "$(inherited) @executable_path/Frameworks @loader_path/Frameworks";
				PRODUCT_NAME = "$(TARGET_NAME)";
			};
			name = Release;
		};
		CBC8F6831AEDB781001DDB07 /* Debug */ = {
			isa = XCBuildConfiguration;
			buildSettings = {
				PRODUCT_NAME = "$(TARGET_NAME)";
			};
			name = Debug;
		};
		CBC8F6841AEDB781001DDB07 /* Release */ = {
			isa = XCBuildConfiguration;
			buildSettings = {
				PRODUCT_NAME = "$(TARGET_NAME)";
			};
			name = Release;
		};
		CBC8F6911AEDB902001DDB07 /* Debug */ = {
			isa = XCBuildConfiguration;
			buildSettings = {
				COMBINE_HIDPI_IMAGES = NO;
				DEBUG_INFORMATION_FORMAT = dwarf;
				GCC_PREPROCESSOR_DEFINITIONS = (
					"DEBUG=1",
					"$(inherited)",
				);
				INFOPLIST_FILE = FeedbackLoopResources/Info.plist;
				INSTALL_PATH = "$(LOCAL_LIBRARY_DIR)/Bundles";
				MACOSX_DEPLOYMENT_TARGET = 10.10;
				PRODUCT_NAME = FeedbackLoop;
				SDKROOT = iphoneos;
				SKIP_INSTALL = YES;
				SUPPORTED_PLATFORMS = "iphonesimulator iphoneos";
				WRAPPER_EXTENSION = bundle;
			};
			name = Debug;
		};
		CBC8F6921AEDB902001DDB07 /* Release */ = {
			isa = XCBuildConfiguration;
			buildSettings = {
				COMBINE_HIDPI_IMAGES = NO;
				INFOPLIST_FILE = FeedbackLoopResources/Info.plist;
				INSTALL_PATH = "$(LOCAL_LIBRARY_DIR)/Bundles";
				MACOSX_DEPLOYMENT_TARGET = 10.10;
				PRODUCT_NAME = FeedbackLoop;
				SDKROOT = iphoneos;
				SKIP_INSTALL = YES;
				SUPPORTED_PLATFORMS = "iphonesimulator iphoneos";
				WRAPPER_EXTENSION = bundle;
			};
			name = Release;
		};
/* End XCBuildConfiguration section */

/* Begin XCConfigurationList section */
		CBC8F65B1AEDB145001DDB07 /* Build configuration list for PBXProject "FeedbackLoop" */ = {
			isa = XCConfigurationList;
			buildConfigurations = (
				CBC8F6721AEDB145001DDB07 /* Debug */,
				CBC8F6731AEDB145001DDB07 /* Release */,
			);
			defaultConfigurationIsVisible = 0;
			defaultConfigurationName = Release;
		};
		CBC8F6741AEDB145001DDB07 /* Build configuration list for PBXNativeTarget "FeedbackLoop" */ = {
			isa = XCConfigurationList;
			buildConfigurations = (
				CBC8F6751AEDB145001DDB07 /* Debug */,
				CBC8F6761AEDB145001DDB07 /* Release */,
			);
			defaultConfigurationIsVisible = 0;
			defaultConfigurationName = Release;
		};
		CBC8F6771AEDB145001DDB07 /* Build configuration list for PBXNativeTarget "FeedbackLoopTests" */ = {
			isa = XCConfigurationList;
			buildConfigurations = (
				CBC8F6781AEDB145001DDB07 /* Debug */,
				CBC8F6791AEDB145001DDB07 /* Release */,
			);
			defaultConfigurationIsVisible = 0;
			defaultConfigurationName = Release;
		};
		CBC8F6821AEDB781001DDB07 /* Build configuration list for PBXAggregateTarget "Framework" */ = {
			isa = XCConfigurationList;
			buildConfigurations = (
				CBC8F6831AEDB781001DDB07 /* Debug */,
				CBC8F6841AEDB781001DDB07 /* Release */,
			);
			defaultConfigurationIsVisible = 0;
			defaultConfigurationName = Release;
		};
		CBC8F6901AEDB902001DDB07 /* Build configuration list for PBXNativeTarget "FeedbackLoopResources" */ = {
			isa = XCConfigurationList;
			buildConfigurations = (
				CBC8F6911AEDB902001DDB07 /* Debug */,
				CBC8F6921AEDB902001DDB07 /* Release */,
			);
			defaultConfigurationIsVisible = 0;
			defaultConfigurationName = Release;
		};
/* End XCConfigurationList section */
	};
	rootObject = CBC8F6581AEDB145001DDB07 /* Project object */;
}
